// !$*UTF8*$!
{
	archiveVersion = 1;
	classes = {
	};
	objectVersion = 60;
	objects = {

/* Begin PBXBuildFile section */
		51D3098F2C3B1DA1008F3C74 /* SourceControlAppApp.swift in Sources */ = {isa = PBXBuildFile; fileRef = 51D3098E2C3B1DA1008F3C74 /* SourceControlAppApp.swift */; };
		51D309912C3B1DA1008F3C74 /* ContentView.swift in Sources */ = {isa = PBXBuildFile; fileRef = 51D309902C3B1DA1008F3C74 /* ContentView.swift */; };
		51D309932C3B1DA5008F3C74 /* Assets.xcassets in Resources */ = {isa = PBXBuildFile; fileRef = 51D309922C3B1DA5008F3C74 /* Assets.xcassets */; };
		51D309962C3B1DA5008F3C74 /* Preview Assets.xcassets in Resources */ = {isa = PBXBuildFile; fileRef = 51D309952C3B1DA5008F3C74 /* Preview Assets.xcassets */; };
		51D309A02C3B1DA5008F3C74 /* SourceControlAppTests.swift in Sources */ = {isa = PBXBuildFile; fileRef = 51D3099F2C3B1DA5008F3C74 /* SourceControlAppTests.swift */; };
		51D309AA2C3B1DA5008F3C74 /* SourceControlAppUITests.swift in Sources */ = {isa = PBXBuildFile; fileRef = 51D309A92C3B1DA5008F3C74 /* SourceControlAppUITests.swift */; };
		51D309AC2C3B1DA5008F3C74 /* SourceControlAppUITestsLaunchTests.swift in Sources */ = {isa = PBXBuildFile; fileRef = 51D309AB2C3B1DA5008F3C74 /* SourceControlAppUITestsLaunchTests.swift */; };
		51D309BB2C3B205D008F3C74 /* NewWorldView.swift in Sources */ = {isa = PBXBuildFile; fileRef = 51D309BA2C3B205D008F3C74 /* NewWorldView.swift */; };
		51D309BD2C3B2508008F3C74 /* ViewModel.swift in Sources */ = {isa = PBXBuildFile; fileRef = 51D309BC2C3B2508008F3C74 /* ViewModel.swift */; };
/* End PBXBuildFile section */

/* Begin PBXContainerItemProxy section */
		51D3099C2C3B1DA5008F3C74 /* PBXContainerItemProxy */ = {
			isa = PBXContainerItemProxy;
			containerPortal = 51D309832C3B1DA1008F3C74 /* Project object */;
			proxyType = 1;
			remoteGlobalIDString = 51D3098A2C3B1DA1008F3C74;
			remoteInfo = SourceControlApp;
		};
		51D309A62C3B1DA5008F3C74 /* PBXContainerItemProxy */ = {
			isa = PBXContainerItemProxy;
			containerPortal = 51D309832C3B1DA1008F3C74 /* Project object */;
			proxyType = 1;
			remoteGlobalIDString = 51D3098A2C3B1DA1008F3C74;
			remoteInfo = SourceControlApp;
		};
/* End PBXContainerItemProxy section */

/* Begin PBXFileReference section */
		51D3098B2C3B1DA1008F3C74 /* SourceControlApp.app */ = {isa = PBXFileReference; explicitFileType = wrapper.application; includeInIndex = 0; path = SourceControlApp.app; sourceTree = BUILT_PRODUCTS_DIR; };
		51D3098E2C3B1DA1008F3C74 /* SourceControlAppApp.swift */ = {isa = PBXFileReference; lastKnownFileType = sourcecode.swift; path = SourceControlAppApp.swift; sourceTree = "<group>"; };
		51D309902C3B1DA1008F3C74 /* ContentView.swift */ = {isa = PBXFileReference; lastKnownFileType = sourcecode.swift; path = ContentView.swift; sourceTree = "<group>"; };
		51D309922C3B1DA5008F3C74 /* Assets.xcassets */ = {isa = PBXFileReference; lastKnownFileType = folder.assetcatalog; path = Assets.xcassets; sourceTree = "<group>"; };
		51D309952C3B1DA5008F3C74 /* Preview Assets.xcassets */ = {isa = PBXFileReference; lastKnownFileType = folder.assetcatalog; path = "Preview Assets.xcassets"; sourceTree = "<group>"; };
		51D3099B2C3B1DA5008F3C74 /* SourceControlAppTests.xctest */ = {isa = PBXFileReference; explicitFileType = wrapper.cfbundle; includeInIndex = 0; path = SourceControlAppTests.xctest; sourceTree = BUILT_PRODUCTS_DIR; };
		51D3099F2C3B1DA5008F3C74 /* SourceControlAppTests.swift */ = {isa = PBXFileReference; lastKnownFileType = sourcecode.swift; path = SourceControlAppTests.swift; sourceTree = "<group>"; };
		51D309A52C3B1DA5008F3C74 /* SourceControlAppUITests.xctest */ = {isa = PBXFileReference; explicitFileType = wrapper.cfbundle; includeInIndex = 0; path = SourceControlAppUITests.xctest; sourceTree = BUILT_PRODUCTS_DIR; };
		51D309A92C3B1DA5008F3C74 /* SourceControlAppUITests.swift */ = {isa = PBXFileReference; lastKnownFileType = sourcecode.swift; path = SourceControlAppUITests.swift; sourceTree = "<group>"; };
		51D309AB2C3B1DA5008F3C74 /* SourceControlAppUITestsLaunchTests.swift */ = {isa = PBXFileReference; lastKnownFileType = sourcecode.swift; path = SourceControlAppUITestsLaunchTests.swift; sourceTree = "<group>"; };
		51D309BA2C3B205D008F3C74 /* NewWorldView.swift */ = {isa = PBXFileReference; lastKnownFileType = sourcecode.swift; path = NewWorldView.swift; sourceTree = "<group>"; };
		51D309BC2C3B2508008F3C74 /* ViewModel.swift */ = {isa = PBXFileReference; lastKnownFileType = sourcecode.swift; path = ViewModel.swift; sourceTree = "<group>"; };
/* End PBXFileReference section */

/* Begin PBXFrameworksBuildPhase section */
		51D309882C3B1DA1008F3C74 /* Frameworks */ = {
			isa = PBXFrameworksBuildPhase;
			buildActionMask = 2147483647;
			files = (
			);
			runOnlyForDeploymentPostprocessing = 0;
		};
		51D309982C3B1DA5008F3C74 /* Frameworks */ = {
			isa = PBXFrameworksBuildPhase;
			buildActionMask = 2147483647;
			files = (
			);
			runOnlyForDeploymentPostprocessing = 0;
		};
		51D309A22C3B1DA5008F3C74 /* Frameworks */ = {
			isa = PBXFrameworksBuildPhase;
			buildActionMask = 2147483647;
			files = (
			);
			runOnlyForDeploymentPostprocessing = 0;
		};
/* End PBXFrameworksBuildPhase section */

/* Begin PBXGroup section */
		51D309822C3B1DA1008F3C74 = {
			isa = PBXGroup;
			children = (
				51D3098D2C3B1DA1008F3C74 /* SourceControlApp */,
				51D3099E2C3B1DA5008F3C74 /* SourceControlAppTests */,
				51D309A82C3B1DA5008F3C74 /* SourceControlAppUITests */,
				51D3098C2C3B1DA1008F3C74 /* Products */,
			);
			sourceTree = "<group>";
		};
		51D3098C2C3B1DA1008F3C74 /* Products */ = {
			isa = PBXGroup;
			children = (
				51D3098B2C3B1DA1008F3C74 /* SourceControlApp.app */,
				51D3099B2C3B1DA5008F3C74 /* SourceControlAppTests.xctest */,
				51D309A52C3B1DA5008F3C74 /* SourceControlAppUITests.xctest */,
			);
			name = Products;
			sourceTree = "<group>";
		};
		51D3098D2C3B1DA1008F3C74 /* SourceControlApp */ = {
			isa = PBXGroup;
			children = (
				51D3098E2C3B1DA1008F3C74 /* SourceControlAppApp.swift */,
				51D309BA2C3B205D008F3C74 /* NewWorldView.swift */,
				51D309902C3B1DA1008F3C74 /* ContentView.swift */,
				51D309922C3B1DA5008F3C74 /* Assets.xcassets */,
				51D309942C3B1DA5008F3C74 /* Preview Content */,
				51D309BC2C3B2508008F3C74 /* ViewModel.swift */,
			);
			path = SourceControlApp;
			sourceTree = "<group>";
		};
		51D309942C3B1DA5008F3C74 /* Preview Content */ = {
			isa = PBXGroup;
			children = (
				51D309952C3B1DA5008F3C74 /* Preview Assets.xcassets */,
			);
			path = "Preview Content";
			sourceTree = "<group>";
		};
		51D3099E2C3B1DA5008F3C74 /* SourceControlAppTests */ = {
			isa = PBXGroup;
			children = (
				51D3099F2C3B1DA5008F3C74 /* SourceControlAppTests.swift */,
			);
			path = SourceControlAppTests;
			sourceTree = "<group>";
		};
		51D309A82C3B1DA5008F3C74 /* SourceControlAppUITests */ = {
			isa = PBXGroup;
			children = (
				51D309A92C3B1DA5008F3C74 /* SourceControlAppUITests.swift */,
				51D309AB2C3B1DA5008F3C74 /* SourceControlAppUITestsLaunchTests.swift */,
			);
			path = SourceControlAppUITests;
			sourceTree = "<group>";
		};
/* End PBXGroup section */

/* Begin PBXNativeTarget section */
		51D3098A2C3B1DA1008F3C74 /* SourceControlApp */ = {
			isa = PBXNativeTarget;
			buildConfigurationList = 51D309AF2C3B1DA5008F3C74 /* Build configuration list for PBXNativeTarget "SourceControlApp" */;
			buildPhases = (
				51D309872C3B1DA1008F3C74 /* Sources */,
				51D309882C3B1DA1008F3C74 /* Frameworks */,
				51D309892C3B1DA1008F3C74 /* Resources */,
			);
			buildRules = (
			);
			dependencies = (
			);
			name = SourceControlApp;
			productName = SourceControlApp;
			productReference = 51D3098B2C3B1DA1008F3C74 /* SourceControlApp.app */;
			productType = "com.apple.product-type.application";
		};
		51D3099A2C3B1DA5008F3C74 /* SourceControlAppTests */ = {
			isa = PBXNativeTarget;
			buildConfigurationList = 51D309B22C3B1DA5008F3C74 /* Build configuration list for PBXNativeTarget "SourceControlAppTests" */;
			buildPhases = (
				51D309972C3B1DA5008F3C74 /* Sources */,
				51D309982C3B1DA5008F3C74 /* Frameworks */,
				51D309992C3B1DA5008F3C74 /* Resources */,
			);
			buildRules = (
			);
			dependencies = (
				51D3099D2C3B1DA5008F3C74 /* PBXTargetDependency */,
			);
			name = SourceControlAppTests;
			productName = SourceControlAppTests;
			productReference = 51D3099B2C3B1DA5008F3C74 /* SourceControlAppTests.xctest */;
			productType = "com.apple.product-type.bundle.unit-test";
		};
		51D309A42C3B1DA5008F3C74 /* SourceControlAppUITests */ = {
			isa = PBXNativeTarget;
			buildConfigurationList = 51D309B52C3B1DA5008F3C74 /* Build configuration list for PBXNativeTarget "SourceControlAppUITests" */;
			buildPhases = (
				51D309A12C3B1DA5008F3C74 /* Sources */,
				51D309A22C3B1DA5008F3C74 /* Frameworks */,
				51D309A32C3B1DA5008F3C74 /* Resources */,
			);
			buildRules = (
			);
			dependencies = (
				51D309A72C3B1DA5008F3C74 /* PBXTargetDependency */,
			);
			name = SourceControlAppUITests;
			productName = SourceControlAppUITests;
			productReference = 51D309A52C3B1DA5008F3C74 /* SourceControlAppUITests.xctest */;
			productType = "com.apple.product-type.bundle.ui-testing";
		};
/* End PBXNativeTarget section */

/* Begin PBXProject section */
		51D309832C3B1DA1008F3C74 /* Project object */ = {
			isa = PBXProject;
			attributes = {
				BuildIndependentTargetsInParallel = 1;
				LastSwiftUpdateCheck = 1600;
				LastUpgradeCheck = 1600;
				TargetAttributes = {
					51D3098A2C3B1DA1008F3C74 = {
						CreatedOnToolsVersion = 16.0;
					};
					51D3099A2C3B1DA5008F3C74 = {
						CreatedOnToolsVersion = 16.0;
						TestTargetID = 51D3098A2C3B1DA1008F3C74;
					};
					51D309A42C3B1DA5008F3C74 = {
						CreatedOnToolsVersion = 16.0;
						TestTargetID = 51D3098A2C3B1DA1008F3C74;
					};
				};
			};
			buildConfigurationList = 51D309862C3B1DA1008F3C74 /* Build configuration list for PBXProject "SourceControlApp" */;
			compatibilityVersion = "Xcode 15.0";
			developmentRegion = en;
			hasScannedForEncodings = 0;
			knownRegions = (
				en,
				Base,
			);
			mainGroup = 51D309822C3B1DA1008F3C74;
			productRefGroup = 51D3098C2C3B1DA1008F3C74 /* Products */;
			projectDirPath = "";
			projectRoot = "";
			targets = (
				51D3098A2C3B1DA1008F3C74 /* SourceControlApp */,
				51D3099A2C3B1DA5008F3C74 /* SourceControlAppTests */,
				51D309A42C3B1DA5008F3C74 /* SourceControlAppUITests */,
			);
		};
/* End PBXProject section */

/* Begin PBXResourcesBuildPhase section */
		51D309892C3B1DA1008F3C74 /* Resources */ = {
			isa = PBXResourcesBuildPhase;
			buildActionMask = 2147483647;
			files = (
				51D309962C3B1DA5008F3C74 /* Preview Assets.xcassets in Resources */,
				51D309932C3B1DA5008F3C74 /* Assets.xcassets in Resources */,
			);
			runOnlyForDeploymentPostprocessing = 0;
		};
		51D309992C3B1DA5008F3C74 /* Resources */ = {
			isa = PBXResourcesBuildPhase;
			buildActionMask = 2147483647;
			files = (
			);
			runOnlyForDeploymentPostprocessing = 0;
		};
		51D309A32C3B1DA5008F3C74 /* Resources */ = {
			isa = PBXResourcesBuildPhase;
			buildActionMask = 2147483647;
			files = (
			);
			runOnlyForDeploymentPostprocessing = 0;
		};
/* End PBXResourcesBuildPhase section */

/* Begin PBXSourcesBuildPhase section */
		51D309872C3B1DA1008F3C74 /* Sources */ = {
			isa = PBXSourcesBuildPhase;
			buildActionMask = 2147483647;
			files = (
				51D309BB2C3B205D008F3C74 /* NewWorldView.swift in Sources */,
				51D309912C3B1DA1008F3C74 /* ContentView.swift in Sources */,
				51D309BD2C3B2508008F3C74 /* ViewModel.swift in Sources */,
				51D3098F2C3B1DA1008F3C74 /* SourceControlAppApp.swift in Sources */,
			);
			runOnlyForDeploymentPostprocessing = 0;
		};
		51D309972C3B1DA5008F3C74 /* Sources */ = {
			isa = PBXSourcesBuildPhase;
			buildActionMask = 2147483647;
			files = (
				51D309A02C3B1DA5008F3C74 /* SourceControlAppTests.swift in Sources */,
			);
			runOnlyForDeploymentPostprocessing = 0;
		};
		51D309A12C3B1DA5008F3C74 /* Sources */ = {
			isa = PBXSourcesBuildPhase;
			buildActionMask = 2147483647;
			files = (
				51D309AA2C3B1DA5008F3C74 /* SourceControlAppUITests.swift in Sources */,
				51D309AC2C3B1DA5008F3C74 /* SourceControlAppUITestsLaunchTests.swift in Sources */,
			);
			runOnlyForDeploymentPostprocessing = 0;
		};
/* End PBXSourcesBuildPhase section */

/* Begin PBXTargetDependency section */
		51D3099D2C3B1DA5008F3C74 /* PBXTargetDependency */ = {
			isa = PBXTargetDependency;
			target = 51D3098A2C3B1DA1008F3C74 /* SourceControlApp */;
			targetProxy = 51D3099C2C3B1DA5008F3C74 /* PBXContainerItemProxy */;
		};
		51D309A72C3B1DA5008F3C74 /* PBXTargetDependency */ = {
			isa = PBXTargetDependency;
			target = 51D3098A2C3B1DA1008F3C74 /* SourceControlApp */;
			targetProxy = 51D309A62C3B1DA5008F3C74 /* PBXContainerItemProxy */;
		};
/* End PBXTargetDependency section */

/* Begin XCBuildConfiguration section */
		51D309AD2C3B1DA5008F3C74 /* Debug */ = {
			isa = XCBuildConfiguration;
			buildSettings = {
				ALWAYS_SEARCH_USER_PATHS = NO;
				ASSETCATALOG_COMPILER_GENERATE_SWIFT_ASSET_SYMBOL_EXTENSIONS = YES;
				CLANG_ANALYZER_NONNULL = YES;
				CLANG_ANALYZER_NUMBER_OBJECT_CONVERSION = YES_AGGRESSIVE;
				CLANG_CXX_LANGUAGE_STANDARD = "gnu++20";
				CLANG_ENABLE_MODULES = YES;
				CLANG_ENABLE_OBJC_ARC = YES;
				CLANG_ENABLE_OBJC_WEAK = YES;
				CLANG_WARN_BLOCK_CAPTURE_AUTORELEASING = YES;
				CLANG_WARN_BOOL_CONVERSION = YES;
				CLANG_WARN_COMMA = YES;
				CLANG_WARN_CONSTANT_CONVERSION = YES;
				CLANG_WARN_DEPRECATED_OBJC_IMPLEMENTATIONS = YES;
				CLANG_WARN_DIRECT_OBJC_ISA_USAGE = YES_ERROR;
				CLANG_WARN_DOCUMENTATION_COMMENTS = YES;
				CLANG_WARN_EMPTY_BODY = YES;
				CLANG_WARN_ENUM_CONVERSION = YES;
				CLANG_WARN_INFINITE_RECURSION = YES;
				CLANG_WARN_INT_CONVERSION = YES;
				CLANG_WARN_NON_LITERAL_NULL_CONVERSION = YES;
				CLANG_WARN_OBJC_IMPLICIT_RETAIN_SELF = YES;
				CLANG_WARN_OBJC_LITERAL_CONVERSION = YES;
				CLANG_WARN_OBJC_ROOT_CLASS = YES_ERROR;
				CLANG_WARN_QUOTED_INCLUDE_IN_FRAMEWORK_HEADER = YES;
				CLANG_WARN_RANGE_LOOP_ANALYSIS = YES;
				CLANG_WARN_STRICT_PROTOTYPES = YES;
				CLANG_WARN_SUSPICIOUS_MOVE = YES;
				CLANG_WARN_UNGUARDED_AVAILABILITY = YES_AGGRESSIVE;
				CLANG_WARN_UNREACHABLE_CODE = YES;
				CLANG_WARN__DUPLICATE_METHOD_MATCH = YES;
				COPY_PHASE_STRIP = NO;
				DEBUG_INFORMATION_FORMAT = dwarf;
				ENABLE_STRICT_OBJC_MSGSEND = YES;
				ENABLE_TESTABILITY = YES;
				ENABLE_USER_SCRIPT_SANDBOXING = YES;
				GCC_C_LANGUAGE_STANDARD = gnu17;
				GCC_DYNAMIC_NO_PIC = NO;
				GCC_NO_COMMON_BLOCKS = YES;
				GCC_OPTIMIZATION_LEVEL = 0;
				GCC_PREPROCESSOR_DEFINITIONS = (
					"DEBUG=1",
					"$(inherited)",
				);
				GCC_WARN_64_TO_32_BIT_CONVERSION = YES;
				GCC_WARN_ABOUT_RETURN_TYPE = YES_ERROR;
				GCC_WARN_UNDECLARED_SELECTOR = YES;
				GCC_WARN_UNINITIALIZED_AUTOS = YES_AGGRESSIVE;
				GCC_WARN_UNUSED_FUNCTION = YES;
				GCC_WARN_UNUSED_VARIABLE = YES;
				IPHONEOS_DEPLOYMENT_TARGET = 18.0;
				LOCALIZATION_PREFERS_STRING_CATALOGS = YES;
				MTL_ENABLE_DEBUG_INFO = INCLUDE_SOURCE;
				MTL_FAST_MATH = YES;
				ONLY_ACTIVE_ARCH = YES;
				SDKROOT = iphoneos;
				SWIFT_ACTIVE_COMPILATION_CONDITIONS = "DEBUG $(inherited)";
				SWIFT_OPTIMIZATION_LEVEL = "-Onone";
			};
			name = Debug;
		};
		51D309AE2C3B1DA5008F3C74 /* Release */ = {
			isa = XCBuildConfiguration;
			buildSettings = {
				ALWAYS_SEARCH_USER_PATHS = NO;
				ASSETCATALOG_COMPILER_GENERATE_SWIFT_ASSET_SYMBOL_EXTENSIONS = YES;
				CLANG_ANALYZER_NONNULL = YES;
				CLANG_ANALYZER_NUMBER_OBJECT_CONVERSION = YES_AGGRESSIVE;
				CLANG_CXX_LANGUAGE_STANDARD = "gnu++20";
				CLANG_ENABLE_MODULES = YES;
				CLANG_ENABLE_OBJC_ARC = YES;
				CLANG_ENABLE_OBJC_WEAK = YES;
				CLANG_WARN_BLOCK_CAPTURE_AUTORELEASING = YES;
				CLANG_WARN_BOOL_CONVERSION = YES;
				CLANG_WARN_COMMA = YES;
				CLANG_WARN_CONSTANT_CONVERSION = YES;
				CLANG_WARN_DEPRECATED_OBJC_IMPLEMENTATIONS = YES;
				CLANG_WARN_DIRECT_OBJC_ISA_USAGE = YES_ERROR;
				CLANG_WARN_DOCUMENTATION_COMMENTS = YES;
				CLANG_WARN_EMPTY_BODY = YES;
				CLANG_WARN_ENUM_CONVERSION = YES;
				CLANG_WARN_INFINITE_RECURSION = YES;
				CLANG_WARN_INT_CONVERSION = YES;
				CLANG_WARN_NON_LITERAL_NULL_CONVERSION = YES;
				CLANG_WARN_OBJC_IMPLICIT_RETAIN_SELF = YES;
				CLANG_WARN_OBJC_LITERAL_CONVERSION = YES;
				CLANG_WARN_OBJC_ROOT_CLASS = YES_ERROR;
				CLANG_WARN_QUOTED_INCLUDE_IN_FRAMEWORK_HEADER = YES;
				CLANG_WARN_RANGE_LOOP_ANALYSIS = YES;
				CLANG_WARN_STRICT_PROTOTYPES = YES;
				CLANG_WARN_SUSPICIOUS_MOVE = YES;
				CLANG_WARN_UNGUARDED_AVAILABILITY = YES_AGGRESSIVE;
				CLANG_WARN_UNREACHABLE_CODE = YES;
				CLANG_WARN__DUPLICATE_METHOD_MATCH = YES;
				COPY_PHASE_STRIP = NO;
				DEBUG_INFORMATION_FORMAT = "dwarf-with-dsym";
				ENABLE_NS_ASSERTIONS = NO;
				ENABLE_STRICT_OBJC_MSGSEND = YES;
				ENABLE_USER_SCRIPT_SANDBOXING = YES;
				GCC_C_LANGUAGE_STANDARD = gnu17;
				GCC_NO_COMMON_BLOCKS = YES;
				GCC_WARN_64_TO_32_BIT_CONVERSION = YES;
				GCC_WARN_ABOUT_RETURN_TYPE = YES_ERROR;
				GCC_WARN_UNDECLARED_SELECTOR = YES;
				GCC_WARN_UNINITIALIZED_AUTOS = YES_AGGRESSIVE;
				GCC_WARN_UNUSED_FUNCTION = YES;
				GCC_WARN_UNUSED_VARIABLE = YES;
				IPHONEOS_DEPLOYMENT_TARGET = 18.0;
				LOCALIZATION_PREFERS_STRING_CATALOGS = YES;
				MTL_ENABLE_DEBUG_INFO = NO;
				MTL_FAST_MATH = YES;
				SDKROOT = iphoneos;
				SWIFT_COMPILATION_MODE = wholemodule;
				VALIDATE_PRODUCT = YES;
			};
			name = Release;
		};
		51D309B02C3B1DA5008F3C74 /* Debug */ = {
			isa = XCBuildConfiguration;
			buildSettings = {
				ASSETCATALOG_COMPILER_APPICON_NAME = AppIcon;
				ASSETCATALOG_COMPILER_GLOBAL_ACCENT_COLOR_NAME = AccentColor;
				CODE_SIGN_STYLE = Automatic;
				CURRENT_PROJECT_VERSION = 1;
				DEVELOPMENT_ASSET_PATHS = "\"SourceControlApp/Preview Content\"";
				DEVELOPMENT_TEAM = PPKFB6WZ6V;
				ENABLE_PREVIEWS = YES;
				GENERATE_INFOPLIST_FILE = YES;
				INFOPLIST_KEY_UIApplicationSceneManifest_Generation = YES;
				INFOPLIST_KEY_UIApplicationSupportsIndirectInputEvents = YES;
				INFOPLIST_KEY_UILaunchScreen_Generation = YES;
				INFOPLIST_KEY_UISupportedInterfaceOrientations_iPad = "UIInterfaceOrientationPortrait UIInterfaceOrientationPortraitUpsideDown UIInterfaceOrientationLandscapeLeft UIInterfaceOrientationLandscapeRight";
				INFOPLIST_KEY_UISupportedInterfaceOrientations_iPhone = "UIInterfaceOrientationPortrait UIInterfaceOrientationLandscapeLeft UIInterfaceOrientationLandscapeRight";
				LD_RUNPATH_SEARCH_PATHS = (
					"$(inherited)",
					"@executable_path/Frameworks",
				);
				MARKETING_VERSION = 1.0;
				PRODUCT_BUNDLE_IDENTIFIER = com.kellyayo.SourceControlApp;
				PRODUCT_NAME = "$(TARGET_NAME)";
				SWIFT_EMIT_LOC_STRINGS = YES;
				SWIFT_VERSION = 5.0;
				TARGETED_DEVICE_FAMILY = "1,2";
			};
			name = Debug;
		};
		51D309B12C3B1DA5008F3C74 /* Release */ = {
			isa = XCBuildConfiguration;
			buildSettings = {
				ASSETCATALOG_COMPILER_APPICON_NAME = AppIcon;
				ASSETCATALOG_COMPILER_GLOBAL_ACCENT_COLOR_NAME = AccentColor;
				CODE_SIGN_STYLE = Automatic;
				CURRENT_PROJECT_VERSION = 1;
				DEVELOPMENT_ASSET_PATHS = "\"SourceControlApp/Preview Content\"";
				DEVELOPMENT_TEAM = PPKFB6WZ6V;
				ENABLE_PREVIEWS = YES;
				GENERATE_INFOPLIST_FILE = YES;
				INFOPLIST_KEY_UIApplicationSceneManifest_Generation = YES;
				INFOPLIST_KEY_UIApplicationSupportsIndirectInputEvents = YES;
				INFOPLIST_KEY_UILaunchScreen_Generation = YES;
				INFOPLIST_KEY_UISupportedInterfaceOrientations_iPad = "UIInterfaceOrientationPortrait UIInterfaceOrientationPortraitUpsideDown UIInterfaceOrientationLandscapeLeft UIInterfaceOrientationLandscapeRight";
				INFOPLIST_KEY_UISupportedInterfaceOrientations_iPhone = "UIInterfaceOrientationPortrait UIInterfaceOrientationLandscapeLeft UIInterfaceOrientationLandscapeRight";
				LD_RUNPATH_SEARCH_PATHS = (
					"$(inherited)",
					"@executable_path/Frameworks",
				);
				MARKETING_VERSION = 1.0;
				PRODUCT_BUNDLE_IDENTIFIER = com.kellyayo.SourceControlApp;
				PRODUCT_NAME = "$(TARGET_NAME)";
				SWIFT_EMIT_LOC_STRINGS = YES;
				SWIFT_VERSION = 5.0;
				TARGETED_DEVICE_FAMILY = "1,2";
			};
			name = Release;
		};
		51D309B32C3B1DA5008F3C74 /* Debug */ = {
			isa = XCBuildConfiguration;
			buildSettings = {
				BUNDLE_LOADER = "$(TEST_HOST)";
				CODE_SIGN_STYLE = Automatic;
				CURRENT_PROJECT_VERSION = 1;
				DEVELOPMENT_TEAM = PPKFB6WZ6V;
				GENERATE_INFOPLIST_FILE = YES;
				IPHONEOS_DEPLOYMENT_TARGET = 18.0;
				MARKETING_VERSION = 1.0;
				PRODUCT_BUNDLE_IDENTIFIER = com.kellyayo.SourceControlAppTests;
				PRODUCT_NAME = "$(TARGET_NAME)";
				SWIFT_EMIT_LOC_STRINGS = NO;
				SWIFT_VERSION = 5.0;
				TARGETED_DEVICE_FAMILY = "1,2";
				TEST_HOST = "$(BUILT_PRODUCTS_DIR)/SourceControlApp.app/$(BUNDLE_EXECUTABLE_FOLDER_PATH)/SourceControlApp";
			};
			name = Debug;
		};
		51D309B42C3B1DA5008F3C74 /* Release */ = {
			isa = XCBuildConfiguration;
			buildSettings = {
				BUNDLE_LOADER = "$(TEST_HOST)";
				CODE_SIGN_STYLE = Automatic;
				CURRENT_PROJECT_VERSION = 1;
				DEVELOPMENT_TEAM = PPKFB6WZ6V;
				GENERATE_INFOPLIST_FILE = YES;
				IPHONEOS_DEPLOYMENT_TARGET = 18.0;
				MARKETING_VERSION = 1.0;
				PRODUCT_BUNDLE_IDENTIFIER = com.kellyayo.SourceControlAppTests;
				PRODUCT_NAME = "$(TARGET_NAME)";
				SWIFT_EMIT_LOC_STRINGS = NO;
				SWIFT_VERSION = 5.0;
				TARGETED_DEVICE_FAMILY = "1,2";
				TEST_HOST = "$(BUILT_PRODUCTS_DIR)/SourceControlApp.app/$(BUNDLE_EXECUTABLE_FOLDER_PATH)/SourceControlApp";
			};
			name = Release;
		};
		51D309B62C3B1DA5008F3C74 /* Debug */ = {
			isa = XCBuildConfiguration;
			buildSettings = {
				CODE_SIGN_STYLE = Automatic;
				CURRENT_PROJECT_VERSION = 1;
				DEVELOPMENT_TEAM = PPKFB6WZ6V;
				GENERATE_INFOPLIST_FILE = YES;
				MARKETING_VERSION = 1.0;
				PRODUCT_BUNDLE_IDENTIFIER = com.kellyayo.SourceControlAppUITests;
				PRODUCT_NAME = "$(TARGET_NAME)";
				SWIFT_EMIT_LOC_STRINGS = NO;
				SWIFT_VERSION = 5.0;
				TARGETED_DEVICE_FAMILY = "1,2";
				TEST_TARGET_NAME = SourceControlApp;
			};
			name = Debug;
		};
		51D309B72C3B1DA5008F3C74 /* Release */ = {
			isa = XCBuildConfiguration;
			buildSettings = {
				CODE_SIGN_STYLE = Automatic;
				CURRENT_PROJECT_VERSION = 1;
				DEVELOPMENT_TEAM = PPKFB6WZ6V;
				GENERATE_INFOPLIST_FILE = YES;
				MARKETING_VERSION = 1.0;
				PRODUCT_BUNDLE_IDENTIFIER = com.kellyayo.SourceControlAppUITests;
				PRODUCT_NAME = "$(TARGET_NAME)";
				SWIFT_EMIT_LOC_STRINGS = NO;
				SWIFT_VERSION = 5.0;
				TARGETED_DEVICE_FAMILY = "1,2";
				TEST_TARGET_NAME = SourceControlApp;
			};
			name = Release;
		};
/* End XCBuildConfiguration section */

/* Begin XCConfigurationList section */
		51D309862C3B1DA1008F3C74 /* Build configuration list for PBXProject "SourceControlApp" */ = {
			isa = XCConfigurationList;
			buildConfigurations = (
				51D309AD2C3B1DA5008F3C74 /* Debug */,
				51D309AE2C3B1DA5008F3C74 /* Release */,
			);
			defaultConfigurationIsVisible = 0;
			defaultConfigurationName = Release;
		};
		51D309AF2C3B1DA5008F3C74 /* Build configuration list for PBXNativeTarget "SourceControlApp" */ = {
			isa = XCConfigurationList;
			buildConfigurations = (
				51D309B02C3B1DA5008F3C74 /* Debug */,
				51D309B12C3B1DA5008F3C74 /* Release */,
			);
			defaultConfigurationIsVisible = 0;
			defaultConfigurationName = Release;
		};
		51D309B22C3B1DA5008F3C74 /* Build configuration list for PBXNativeTarget "SourceControlAppTests" */ = {
			isa = XCConfigurationList;
			buildConfigurations = (
				51D309B32C3B1DA5008F3C74 /* Debug */,
				51D309B42C3B1DA5008F3C74 /* Release */,
			);
			defaultConfigurationIsVisible = 0;
			defaultConfigurationName = Release;
		};
		51D309B52C3B1DA5008F3C74 /* Build configuration list for PBXNativeTarget "SourceControlAppUITests" */ = {
			isa = XCConfigurationList;
			buildConfigurations = (
				51D309B62C3B1DA5008F3C74 /* Debug */,
				51D309B72C3B1DA5008F3C74 /* Release */,
			);
			defaultConfigurationIsVisible = 0;
			defaultConfigurationName = Release;
		};
/* End XCConfigurationList section */
	};
	rootObject = 51D309832C3B1DA1008F3C74 /* Project object */;
}
